
Microsoft Visual Studio Solution File, Format Version 12.00
# Visual Studio Version 17
VisualStudioVersion = 17.3.32929.385
MinimumVisualStudioVersion = 10.0.40219.1
Project("{9A19103F-16F7-4668-BE54-9A1E7A4F7556}") = "CSpractice", "CSpractice\CSpractice.csproj", "{907612D9-ED55-4475-A271-38532C12C580}"
EndProject
Project("{9A19103F-16F7-4668-BE54-9A1E7A4F7556}") = "LectureResource", "LectureResource\LectureResource.csproj", "{E1FFCC41-CB2E-4415-B30D-8CF8A759A958}"
EndProject
Project("{FAE04EC0-301F-11D3-BF4B-00C04F79EFBC}") = "Namespace", "Namespace\Namespace.csproj", "{A59DE244-231B-4046-B9BB-4D5F2E701712}"
EndProject
Global
	GlobalSection(SolutionConfigurationPlatforms) = preSolution
		Debug|Any CPU = Debug|Any CPU
		Release|Any CPU = Release|Any CPU
	EndGlobalSection
	GlobalSection(ProjectConfigurationPlatforms) = postSolution
		{907612D9-ED55-4475-A271-38532C12C580}.Debug|Any CPU.ActiveCfg = Debug|Any CPU
		{907612D9-ED55-4475-A271-38532C12C580}.Debug|Any CPU.Build.0 = Debug|Any CPU
		{907612D9-ED55-4475-A271-38532C12C580}.Release|Any CPU.ActiveCfg = Release|Any CPU
		{907612D9-ED55-4475-A271-38532C12C580}.Release|Any CPU.Build.0 = Release|Any CPU
		{E1FFCC41-CB2E-4415-B30D-8CF8A759A958}.Debug|Any CPU.ActiveCfg = Debug|Any CPU
		{E1FFCC41-CB2E-4415-B30D-8CF8A759A958}.Debug|Any CPU.Build.0 = Debug|Any CPU
		{E1FFCC41-CB2E-4415-B30D-8CF8A759A958}.Release|Any CPU.ActiveCfg = Release|Any CPU
		{E1FFCC41-CB2E-4415-B30D-8CF8A759A958}.Release|Any CPU.Build.0 = Release|Any CPU
		{A59DE244-231B-4046-B9BB-4D5F2E701712}.Debug|Any CPU.ActiveCfg = Debug|Any CPU
		{A59DE244-231B-4046-B9BB-4D5F2E701712}.Debug|Any CPU.Build.0 = Debug|Any CPU
		{A59DE244-231B-4046-B9BB-4D5F2E701712}.Release|Any CPU.ActiveCfg = Release|Any CPU
		{A59DE244-231B-4046-B9BB-4D5F2E701712}.Release|Any CPU.Build.0 = Release|Any CPU
	EndGlobalSection
	GlobalSection(SolutionProperties) = preSolution
		HideSolutionNode = FALSE
	EndGlobalSection
	GlobalSection(ExtensibilityGlobals) = postSolution
		SolutionGuid = {042A3A62-2E60-43A1-A1F2-07A52E286129}
	EndGlobalSection
EndGlobal
